
Microsoft Visual Studio Solution File, Format Version 12.00
# Visual Studio Version 16
VisualStudioVersion = 16.0.30320.27
MinimumVisualStudioVersion = 10.0.40219.1
Project("{8BC9CEB8-8B4A-11D0-8D11-00A0C91BC942}") = "HelloWorldDLL", "HelloWorldDLL\HelloWorldDLL.vcxproj", "{94C8B734-3123-4D8D-B1A2-2145B9B0485E}"
EndProject
Project("{9A19103F-16F7-4668-BE54-9A1E7A4F7556}") = "GenslichCore", "GenslichCore\GenslichCore.csproj", "{FD65E840-5CC3-4DE3-B8C9-FA1335A08DFB}"
	ProjectSection(ProjectDependencies) = postProject
		{94C8B734-3123-4D8D-B1A2-2145B9B0485E} = {94C8B734-3123-4D8D-B1A2-2145B9B0485E}
	EndProjectSection
EndProject
Global
	GlobalSection(SolutionConfigurationPlatforms) = preSolution
		AwayFromHome|Any CPU = AwayFromHome|Any CPU
		AwayFromHome|x64 = AwayFromHome|x64
		AwayFromHome|x86 = AwayFromHome|x86
		Debug|Any CPU = Debug|Any CPU
		Debug|x64 = Debug|x64
		Debug|x86 = Debug|x86
		Release|Any CPU = Release|Any CPU
		Release|x64 = Release|x64
		Release|x86 = Release|x86
	EndGlobalSection
	GlobalSection(ProjectConfigurationPlatforms) = postSolution
		{94C8B734-3123-4D8D-B1A2-2145B9B0485E}.AwayFromHome|Any CPU.ActiveCfg = AwayFromHome|Win32
		{94C8B734-3123-4D8D-B1A2-2145B9B0485E}.AwayFromHome|Any CPU.Build.0 = AwayFromHome|Win32
		{94C8B734-3123-4D8D-B1A2-2145B9B0485E}.AwayFromHome|x64.ActiveCfg = AwayFromHome|x64
		{94C8B734-3123-4D8D-B1A2-2145B9B0485E}.AwayFromHome|x64.Build.0 = AwayFromHome|x64
		{94C8B734-3123-4D8D-B1A2-2145B9B0485E}.AwayFromHome|x86.ActiveCfg = AwayFromHome|Win32
		{94C8B734-3123-4D8D-B1A2-2145B9B0485E}.AwayFromHome|x86.Build.0 = AwayFromHome|Win32
		{94C8B734-3123-4D8D-B1A2-2145B9B0485E}.Debug|Any CPU.ActiveCfg = Release|Win32
		{94C8B734-3123-4D8D-B1A2-2145B9B0485E}.Debug|Any CPU.Build.0 = Release|Win32
		{94C8B734-3123-4D8D-B1A2-2145B9B0485E}.Debug|x64.ActiveCfg = Release|x64
		{94C8B734-3123-4D8D-B1A2-2145B9B0485E}.Debug|x64.Build.0 = Release|x64
		{94C8B734-3123-4D8D-B1A2-2145B9B0485E}.Debug|x86.ActiveCfg = Debug|Win32
		{94C8B734-3123-4D8D-B1A2-2145B9B0485E}.Debug|x86.Build.0 = Debug|Win32
		{94C8B734-3123-4D8D-B1A2-2145B9B0485E}.Release|Any CPU.ActiveCfg = Release|Win32
		{94C8B734-3123-4D8D-B1A2-2145B9B0485E}.Release|Any CPU.Build.0 = Release|Win32
		{94C8B734-3123-4D8D-B1A2-2145B9B0485E}.Release|x64.ActiveCfg = Release|x64
		{94C8B734-3123-4D8D-B1A2-2145B9B0485E}.Release|x64.Build.0 = Release|x64
		{94C8B734-3123-4D8D-B1A2-2145B9B0485E}.Release|x86.ActiveCfg = Release|Win32
		{94C8B734-3123-4D8D-B1A2-2145B9B0485E}.Release|x86.Build.0 = Release|Win32
		{FD65E840-5CC3-4DE3-B8C9-FA1335A08DFB}.AwayFromHome|Any CPU.ActiveCfg = AwayFromHome|Any CPU
		{FD65E840-5CC3-4DE3-B8C9-FA1335A08DFB}.AwayFromHome|Any CPU.Build.0 = AwayFromHome|Any CPU
		{FD65E840-5CC3-4DE3-B8C9-FA1335A08DFB}.AwayFromHome|x64.ActiveCfg = AwayFromHome|Any CPU
		{FD65E840-5CC3-4DE3-B8C9-FA1335A08DFB}.AwayFromHome|x64.Build.0 = AwayFromHome|Any CPU
		{FD65E840-5CC3-4DE3-B8C9-FA1335A08DFB}.AwayFromHome|x86.ActiveCfg = AwayFromHome|Any CPU
		{FD65E840-5CC3-4DE3-B8C9-FA1335A08DFB}.AwayFromHome|x86.Build.0 = AwayFromHome|Any CPU
		{FD65E840-5CC3-4DE3-B8C9-FA1335A08DFB}.Debug|Any CPU.ActiveCfg = Debug|Any CPU
		{FD65E840-5CC3-4DE3-B8C9-FA1335A08DFB}.Debug|Any CPU.Build.0 = Debug|Any CPU
		{FD65E840-5CC3-4DE3-B8C9-FA1335A08DFB}.Debug|x64.ActiveCfg = Debug|Any CPU
		{FD65E840-5CC3-4DE3-B8C9-FA1335A08DFB}.Debug|x64.Build.0 = Debug|Any CPU
		{FD65E840-5CC3-4DE3-B8C9-FA1335A08DFB}.Debug|x86.ActiveCfg = Debug|Any CPU
		{FD65E840-5CC3-4DE3-B8C9-FA1335A08DFB}.Debug|x86.Build.0 = Debug|Any CPU
		{FD65E840-5CC3-4DE3-B8C9-FA1335A08DFB}.Release|Any CPU.ActiveCfg = Release|Any CPU
		{FD65E840-5CC3-4DE3-B8C9-FA1335A08DFB}.Release|Any CPU.Build.0 = Release|Any CPU
		{FD65E840-5CC3-4DE3-B8C9-FA1335A08DFB}.Release|x64.ActiveCfg = Release|Any CPU
		{FD65E840-5CC3-4DE3-B8C9-FA1335A08DFB}.Release|x64.Build.0 = Release|Any CPU
		{FD65E840-5CC3-4DE3-B8C9-FA1335A08DFB}.Release|x86.ActiveCfg = Release|Any CPU
		{FD65E840-5CC3-4DE3-B8C9-FA1335A08DFB}.Release|x86.Build.0 = Release|Any CPU
	EndGlobalSection
	GlobalSection(SolutionProperties) = preSolution
		HideSolutionNode = FALSE
	EndGlobalSection
	GlobalSection(ExtensibilityGlobals) = postSolution
		SolutionGuid = {25E08321-DD38-4AEC-864C-F4DB04F75D9C}
	EndGlobalSection
EndGlobal
