
Microsoft Visual Studio Solution File, Format Version 12.00
# Visual Studio Version 16
VisualStudioVersion = 16.0.30320.27
MinimumVisualStudioVersion = 10.0.40219.1
Project("{8BC9CEB8-8B4A-11D0-8D11-00A0C91BC942}") = "GenshinBypass", "GenshinBypass\GenshinBypass.vcxproj", "{46DD406D-8D67-425B-98C6-3F7A90A7A46F}"
	ProjectSection(ProjectDependencies) = postProject
		{5BBDF4C8-27BC-488C-8D19-B3C345CA1F0E} = {5BBDF4C8-27BC-488C-8D19-B3C345CA1F0E}
	EndProjectSection
EndProject
Project("{8BC9CEB8-8B4A-11D0-8D11-00A0C91BC942}") = "HelloWorldDLL", "HelloWorldDLL\HelloWorldDLL.vcxproj", "{94C8B734-3123-4D8D-B1A2-2145B9B0485E}"
EndProject
Project("{8BC9CEB8-8B4A-11D0-8D11-00A0C91BC942}") = "libelevate", "libelevate\libelevate\libelevate.vcxproj", "{5BBDF4C8-27BC-488C-8D19-B3C345CA1F0E}"
	ProjectSection(ProjectDependencies) = postProject
		{AE5BAFC9-E4BA-4786-96E4-A564B113B206} = {AE5BAFC9-E4BA-4786-96E4-A564B113B206}
	EndProjectSection
EndProject
Project("{8BC9CEB8-8B4A-11D0-8D11-00A0C91BC942}") = "libcapcom", "libelevate\libcapcom\libcapcom\libcapcom.vcxproj", "{AE5BAFC9-E4BA-4786-96E4-A564B113B206}"
EndProject
Project("{FAE04EC0-301F-11D3-BF4B-00C04F79EFBC}") = "Genslich", "Genslich\Genslich.csproj", "{3A90209A-CCA5-4FE7-8470-1100ECF2131D}"
	ProjectSection(ProjectDependencies) = postProject
		{94C8B734-3123-4D8D-B1A2-2145B9B0485E} = {94C8B734-3123-4D8D-B1A2-2145B9B0485E}
	EndProjectSection
EndProject
Global
	GlobalSection(SolutionConfigurationPlatforms) = preSolution
		Debug|Any CPU = Debug|Any CPU
		Debug|x64 = Debug|x64
		Debug|x86 = Debug|x86
		Release|Any CPU = Release|Any CPU
		Release|x64 = Release|x64
		Release|x86 = Release|x86
	EndGlobalSection
	GlobalSection(ProjectConfigurationPlatforms) = postSolution
		{46DD406D-8D67-425B-98C6-3F7A90A7A46F}.Debug|Any CPU.ActiveCfg = Debug|Win32
		{46DD406D-8D67-425B-98C6-3F7A90A7A46F}.Debug|x64.ActiveCfg = Debug|x64
		{46DD406D-8D67-425B-98C6-3F7A90A7A46F}.Debug|x86.ActiveCfg = Debug|Win32
		{46DD406D-8D67-425B-98C6-3F7A90A7A46F}.Debug|x86.Build.0 = Debug|Win32
		{46DD406D-8D67-425B-98C6-3F7A90A7A46F}.Release|Any CPU.ActiveCfg = Release|Win32
		{46DD406D-8D67-425B-98C6-3F7A90A7A46F}.Release|x64.ActiveCfg = Release|x64
		{46DD406D-8D67-425B-98C6-3F7A90A7A46F}.Release|x86.ActiveCfg = Release|Win32
		{46DD406D-8D67-425B-98C6-3F7A90A7A46F}.Release|x86.Build.0 = Release|Win32
		{94C8B734-3123-4D8D-B1A2-2145B9B0485E}.Debug|Any CPU.ActiveCfg = Release|Win32
		{94C8B734-3123-4D8D-B1A2-2145B9B0485E}.Debug|Any CPU.Build.0 = Release|Win32
		{94C8B734-3123-4D8D-B1A2-2145B9B0485E}.Debug|x64.ActiveCfg = Release|x64
		{94C8B734-3123-4D8D-B1A2-2145B9B0485E}.Debug|x64.Build.0 = Release|x64
		{94C8B734-3123-4D8D-B1A2-2145B9B0485E}.Debug|x86.ActiveCfg = Debug|Win32
		{94C8B734-3123-4D8D-B1A2-2145B9B0485E}.Debug|x86.Build.0 = Debug|Win32
		{94C8B734-3123-4D8D-B1A2-2145B9B0485E}.Release|Any CPU.ActiveCfg = Release|Win32
		{94C8B734-3123-4D8D-B1A2-2145B9B0485E}.Release|x64.ActiveCfg = Release|x64
		{94C8B734-3123-4D8D-B1A2-2145B9B0485E}.Release|x64.Build.0 = Release|x64
		{94C8B734-3123-4D8D-B1A2-2145B9B0485E}.Release|x86.ActiveCfg = Release|Win32
		{94C8B734-3123-4D8D-B1A2-2145B9B0485E}.Release|x86.Build.0 = Release|Win32
		{5BBDF4C8-27BC-488C-8D19-B3C345CA1F0E}.Debug|Any CPU.ActiveCfg = Debug|Win32
		{5BBDF4C8-27BC-488C-8D19-B3C345CA1F0E}.Debug|x64.ActiveCfg = Debug|x64
		{5BBDF4C8-27BC-488C-8D19-B3C345CA1F0E}.Debug|x86.ActiveCfg = Debug|Win32
		{5BBDF4C8-27BC-488C-8D19-B3C345CA1F0E}.Debug|x86.Build.0 = Debug|Win32
		{5BBDF4C8-27BC-488C-8D19-B3C345CA1F0E}.Release|Any CPU.ActiveCfg = Release|Win32
		{5BBDF4C8-27BC-488C-8D19-B3C345CA1F0E}.Release|x64.ActiveCfg = Release|x64
		{5BBDF4C8-27BC-488C-8D19-B3C345CA1F0E}.Release|x86.ActiveCfg = Release|Win32
		{5BBDF4C8-27BC-488C-8D19-B3C345CA1F0E}.Release|x86.Build.0 = Release|Win32
		{AE5BAFC9-E4BA-4786-96E4-A564B113B206}.Debug|Any CPU.ActiveCfg = Debug|Win32
		{AE5BAFC9-E4BA-4786-96E4-A564B113B206}.Debug|x64.ActiveCfg = Debug|x64
		{AE5BAFC9-E4BA-4786-96E4-A564B113B206}.Debug|x86.ActiveCfg = Debug|Win32
		{AE5BAFC9-E4BA-4786-96E4-A564B113B206}.Debug|x86.Build.0 = Debug|Win32
		{AE5BAFC9-E4BA-4786-96E4-A564B113B206}.Release|Any CPU.ActiveCfg = Release|Win32
		{AE5BAFC9-E4BA-4786-96E4-A564B113B206}.Release|x64.ActiveCfg = Release|x64
		{AE5BAFC9-E4BA-4786-96E4-A564B113B206}.Release|x86.ActiveCfg = Release|Win32
		{AE5BAFC9-E4BA-4786-96E4-A564B113B206}.Release|x86.Build.0 = Release|Win32
		{3A90209A-CCA5-4FE7-8470-1100ECF2131D}.Debug|Any CPU.ActiveCfg = Debug|Any CPU
		{3A90209A-CCA5-4FE7-8470-1100ECF2131D}.Debug|Any CPU.Build.0 = Debug|Any CPU
		{3A90209A-CCA5-4FE7-8470-1100ECF2131D}.Debug|x64.ActiveCfg = Debug|Any CPU
		{3A90209A-CCA5-4FE7-8470-1100ECF2131D}.Debug|x64.Build.0 = Debug|Any CPU
		{3A90209A-CCA5-4FE7-8470-1100ECF2131D}.Debug|x86.ActiveCfg = Debug|Any CPU
		{3A90209A-CCA5-4FE7-8470-1100ECF2131D}.Debug|x86.Build.0 = Debug|Any CPU
		{3A90209A-CCA5-4FE7-8470-1100ECF2131D}.Release|Any CPU.ActiveCfg = Release|Any CPU
		{3A90209A-CCA5-4FE7-8470-1100ECF2131D}.Release|Any CPU.Build.0 = Release|Any CPU
		{3A90209A-CCA5-4FE7-8470-1100ECF2131D}.Release|x64.ActiveCfg = Release|Any CPU
		{3A90209A-CCA5-4FE7-8470-1100ECF2131D}.Release|x64.Build.0 = Release|Any CPU
		{3A90209A-CCA5-4FE7-8470-1100ECF2131D}.Release|x86.ActiveCfg = Release|Any CPU
		{3A90209A-CCA5-4FE7-8470-1100ECF2131D}.Release|x86.Build.0 = Release|Any CPU
	EndGlobalSection
	GlobalSection(SolutionProperties) = preSolution
		HideSolutionNode = FALSE
	EndGlobalSection
	GlobalSection(ExtensibilityGlobals) = postSolution
		SolutionGuid = {25E08321-DD38-4AEC-864C-F4DB04F75D9C}
	EndGlobalSection
EndGlobal
